// !$*UTF8*$!
{
	archiveVersion = 1;
	classes = {
	};
	objectVersion = 46;
	objects = {

/* Begin PBXBuildFile section */
		FD41AE7E1D644745000B84AF /* CustomView.m in Sources */ = {isa = PBXBuildFile; fileRef = FD41AE7D1D644745000B84AF /* CustomView.m */; };
		FDF7AF5F1D62E75F00423BD7 /* main.m in Sources */ = {isa = PBXBuildFile; fileRef = FDF7AF5E1D62E75F00423BD7 /* main.m */; };
		FDF7AF621D62E75F00423BD7 /* AppDelegate.m in Sources */ = {isa = PBXBuildFile; fileRef = FDF7AF611D62E75F00423BD7 /* AppDelegate.m */; };
		FDF7AF651D62E75F00423BD7 /* FirstViewController.m in Sources */ = {isa = PBXBuildFile; fileRef = FDF7AF641D62E75F00423BD7 /* FirstViewController.m */; };
		FDF7AF681D62E75F00423BD7 /* SecondViewController.m in Sources */ = {isa = PBXBuildFile; fileRef = FDF7AF671D62E75F00423BD7 /* SecondViewController.m */; };
		FDF7AF6B1D62E75F00423BD7 /* Main.storyboard in Resources */ = {isa = PBXBuildFile; fileRef = FDF7AF691D62E75F00423BD7 /* Main.storyboard */; };
		FDF7AF6D1D62E75F00423BD7 /* Assets.xcassets in Resources */ = {isa = PBXBuildFile; fileRef = FDF7AF6C1D62E75F00423BD7 /* Assets.xcassets */; };
		FDF7AF701D62E75F00423BD7 /* LaunchScreen.storyboard in Resources */ = {isa = PBXBuildFile; fileRef = FDF7AF6E1D62E75F00423BD7 /* LaunchScreen.storyboard */; };
/* End PBXBuildFile section */

/* Begin PBXFileReference section */
		FD41AE7C1D644745000B84AF /* CustomView.h */ = {isa = PBXFileReference; fileEncoding = 4; lastKnownFileType = sourcecode.c.h; path = CustomView.h; sourceTree = "<group>"; };
		FD41AE7D1D644745000B84AF /* CustomView.m */ = {isa = PBXFileReference; fileEncoding = 4; lastKnownFileType = sourcecode.c.objc; path = CustomView.m; sourceTree = "<group>"; };
		FDF7AF5A1D62E75F00423BD7 /* Test.app */ = {isa = PBXFileReference; explicitFileType = wrapper.application; includeInIndex = 0; path = Test.app; sourceTree = BUILT_PRODUCTS_DIR; };
		FDF7AF5E1D62E75F00423BD7 /* main.m */ = {isa = PBXFileReference; lastKnownFileType = sourcecode.c.objc; path = main.m; sourceTree = "<group>"; };
		FDF7AF601D62E75F00423BD7 /* AppDelegate.h */ = {isa = PBXFileReference; lastKnownFileType = sourcecode.c.h; path = AppDelegate.h; sourceTree = "<group>"; };
		FDF7AF611D62E75F00423BD7 /* AppDelegate.m */ = {isa = PBXFileReference; lastKnownFileType = sourcecode.c.objc; path = AppDelegate.m; sourceTree = "<group>"; };
		FDF7AF631D62E75F00423BD7 /* FirstViewController.h */ = {isa = PBXFileReference; lastKnownFileType = sourcecode.c.h; path = FirstViewController.h; sourceTree = "<group>"; };
		FDF7AF641D62E75F00423BD7 /* FirstViewController.m */ = {isa = PBXFileReference; lastKnownFileType = sourcecode.c.objc; path = FirstViewController.m; sourceTree = "<group>"; };
		FDF7AF661D62E75F00423BD7 /* SecondViewController.h */ = {isa = PBXFileReference; lastKnownFileType = sourcecode.c.h; path = SecondViewController.h; sourceTree = "<group>"; };
		FDF7AF671D62E75F00423BD7 /* SecondViewController.m */ = {isa = PBXFileReference; lastKnownFileType = sourcecode.c.objc; path = SecondViewController.m; sourceTree = "<group>"; };
		FDF7AF6A1D62E75F00423BD7 /* Base */ = {isa = PBXFileReference; lastKnownFileType = file.storyboard; name = Base; path = Base.lproj/Main.storyboard; sourceTree = "<group>"; };
		FDF7AF6C1D62E75F00423BD7 /* Assets.xcassets */ = {isa = PBXFileReference; lastKnownFileType = folder.assetcatalog; path = Assets.xcassets; sourceTree = "<group>"; };
		FDF7AF6F1D62E75F00423BD7 /* Base */ = {isa = PBXFileReference; lastKnownFileType = file.storyboard; name = Base; path = Base.lproj/LaunchScreen.storyboard; sourceTree = "<group>"; };
		FDF7AF711D62E75F00423BD7 /* Info.plist */ = {isa = PBXFileReference; lastKnownFileType = text.plist.xml; path = Info.plist; sourceTree = "<group>"; };
/* End PBXFileReference section */

/* Begin PBXFrameworksBuildPhase section */
		FDF7AF571D62E75F00423BD7 /* Frameworks */ = {
			isa = PBXFrameworksBuildPhase;
			buildActionMask = 2147483647;
			files = (
			);
			runOnlyForDeploymentPostprocessing = 0;
		};
/* End PBXFrameworksBuildPhase section */

/* Begin PBXGroup section */
		FDF7AF511D62E75F00423BD7 = {
			isa = PBXGroup;
			children = (
				FDF7AF5C1D62E75F00423BD7 /* Test */,
				FDF7AF5B1D62E75F00423BD7 /* Products */,
			);
			sourceTree = "<group>";
		};
		FDF7AF5B1D62E75F00423BD7 /* Products */ = {
			isa = PBXGroup;
			children = (
				FDF7AF5A1D62E75F00423BD7 /* Test.app */,
			);
			name = Products;
			sourceTree = "<group>";
		};
		FDF7AF5C1D62E75F00423BD7 /* Test */ = {
			isa = PBXGroup;
			children = (
				FDF7AF601D62E75F00423BD7 /* AppDelegate.h */,
				FDF7AF611D62E75F00423BD7 /* AppDelegate.m */,
				FDF7AF631D62E75F00423BD7 /* FirstViewController.h */,
				FDF7AF641D62E75F00423BD7 /* FirstViewController.m */,
				FDF7AF661D62E75F00423BD7 /* SecondViewController.h */,
				FDF7AF671D62E75F00423BD7 /* SecondViewController.m */,
				FD41AE7C1D644745000B84AF /* CustomView.h */,
				FD41AE7D1D644745000B84AF /* CustomView.m */,
				FDF7AF691D62E75F00423BD7 /* Main.storyboard */,
				FDF7AF6C1D62E75F00423BD7 /* Assets.xcassets */,
				FDF7AF6E1D62E75F00423BD7 /* LaunchScreen.storyboard */,
				FDF7AF711D62E75F00423BD7 /* Info.plist */,
				FDF7AF5D1D62E75F00423BD7 /* Supporting Files */,
			);
			path = Test;
			sourceTree = "<group>";
		};
		FDF7AF5D1D62E75F00423BD7 /* Supporting Files */ = {
			isa = PBXGroup;
			children = (
				FDF7AF5E1D62E75F00423BD7 /* main.m */,
			);
			name = "Supporting Files";
			sourceTree = "<group>";
		};
/* End PBXGroup section */

/* Begin PBXNativeTarget section */
		FDF7AF591D62E75F00423BD7 /* Test */ = {
			isa = PBXNativeTarget;
			buildConfigurationList = FDF7AF741D62E75F00423BD7 /* Build configuration list for PBXNativeTarget "Test" */;
			buildPhases = (
				FDF7AF561D62E75F00423BD7 /* Sources */,
				FDF7AF571D62E75F00423BD7 /* Frameworks */,
				FDF7AF581D62E75F00423BD7 /* Resources */,
			);
			buildRules = (
			);
			dependencies = (
			);
			name = Test;
			productName = Test;
			productReference = FDF7AF5A1D62E75F00423BD7 /* Test.app */;
			productType = "com.apple.product-type.application";
		};
/* End PBXNativeTarget section */

/* Begin PBXProject section */
		FDF7AF521D62E75F00423BD7 /* Project object */ = {
			isa = PBXProject;
			attributes = {
				LastUpgradeCheck = 0730;
				ORGANIZATIONNAME = wanglibank;
				TargetAttributes = {
					FDF7AF591D62E75F00423BD7 = {
						CreatedOnToolsVersion = 7.3;
					};
				};
			};
			buildConfigurationList = FDF7AF551D62E75F00423BD7 /* Build configuration list for PBXProject "Test" */;
			compatibilityVersion = "Xcode 3.2";
			developmentRegion = English;
			hasScannedForEncodings = 0;
			knownRegions = (
				en,
				Base,
			);
			mainGroup = FDF7AF511D62E75F00423BD7;
			productRefGroup = FDF7AF5B1D62E75F00423BD7 /* Products */;
			projectDirPath = "";
			projectRoot = "";
			targets = (
				FDF7AF591D62E75F00423BD7 /* Test */,
			);
		};
/* End PBXProject section */

/* Begin PBXResourcesBuildPhase section */
		FDF7AF581D62E75F00423BD7 /* Resources */ = {
			isa = PBXResourcesBuildPhase;
			buildActionMask = 2147483647;
			files = (
				FDF7AF701D62E75F00423BD7 /* LaunchScreen.storyboard in Resources */,
				FDF7AF6D1D62E75F00423BD7 /* Assets.xcassets in Resources */,
				FDF7AF6B1D62E75F00423BD7 /* Main.storyboard in Resources */,
			);
			runOnlyForDeploymentPostprocessing = 0;
		};
/* End PBXResourcesBuildPhase section */

/* Begin PBXSourcesBuildPhase section */
		FDF7AF561D62E75F00423BD7 /* Sources */ = {
			isa = PBXSourcesBuildPhase;
			buildActionMask = 2147483647;
			files = (
				FD41AE7E1D644745000B84AF /* CustomView.m in Sources */,
				FDF7AF681D62E75F00423BD7 /* SecondViewController.m in Sources */,
				FDF7AF621D62E75F00423BD7 /* AppDelegate.m in Sources */,
				FDF7AF651D62E75F00423BD7 /* FirstViewController.m in Sources */,
				FDF7AF5F1D62E75F00423BD7 /* main.m in Sources */,
			);
			runOnlyForDeploymentPostprocessing = 0;
		};
/* End PBXSourcesBuildPhase section */

/* Begin PBXVariantGroup section */
		FDF7AF691D62E75F00423BD7 /* Main.storyboard */ = {
			isa = PBXVariantGroup;
			children = (
				FDF7AF6A1D62E75F00423BD7 /* Base */,
			);
			name = Main.storyboard;
			sourceTree = "<group>";
		};
		FDF7AF6E1D62E75F00423BD7 /* LaunchScreen.storyboard */ = {
			isa = PBXVariantGroup;
			children = (
				FDF7AF6F1D62E75F00423BD7 /* Base */,
			);
			name = LaunchScreen.storyboard;
			sourceTree = "<group>";
		};
/* End PBXVariantGroup section */

/* Begin XCBuildConfiguration section */
		FDF7AF721D62E75F00423BD7 /* Debug */ = {
			isa = XCBuildConfiguration;
			buildSettings = {
				ALWAYS_SEARCH_USER_PATHS = NO;
				CLANG_ANALYZER_NONNULL = YES;
				CLANG_CXX_LANGUAGE_STANDARD = "gnu++0x";
				CLANG_CXX_LIBRARY = "libc++";
				CLANG_ENABLE_MODULES = YES;
				CLANG_ENABLE_OBJC_ARC = YES;
				CLANG_WARN_BOOL_CONVERSION = YES;
				CLANG_WARN_CONSTANT_CONVERSION = YES;
				CLANG_WARN_DIRECT_OBJC_ISA_USAGE = YES_ERROR;
				CLANG_WARN_EMPTY_BODY = YES;
				CLANG_WARN_ENUM_CONVERSION = YES;
				CLANG_WARN_INT_CONVERSION = YES;
				CLANG_WARN_OBJC_ROOT_CLASS = YES_ERROR;
				CLANG_WARN_UNREACHABLE_CODE = YES;
				CLANG_WARN__DUPLICATE_METHOD_MATCH = YES;
				"CODE_SIGN_IDENTITY[sdk=iphoneos*]" = "iPhone Developer";
				COPY_PHASE_STRIP = NO;
				DEBUG_INFORMATION_FORMAT = dwarf;
				ENABLE_STRICT_OBJC_MSGSEND = YES;
				ENABLE_TESTABILITY = YES;
				GCC_C_LANGUAGE_STANDARD = gnu99;
				GCC_DYNAMIC_NO_PIC = NO;
				GCC_NO_COMMON_BLOCKS = YES;
				GCC_OPTIMIZATION_LEVEL = 0;
				GCC_PREPROCESSOR_DEFINITIONS = (
					"DEBUG=1",
					"$(inherited)",
				);
				GCC_WARN_64_TO_32_BIT_CONVERSION = YES;
				GCC_WARN_ABOUT_RETURN_TYPE = YES_ERROR;
				GCC_WARN_UNDECLARED_SELECTOR = YES;
				GCC_WARN_UNINITIALIZED_AUTOS = YES_AGGRESSIVE;
				GCC_WARN_UNUSED_FUNCTION = YES;
				GCC_WARN_UNUSED_VARIABLE = YES;
				IPHONEOS_DEPLOYMENT_TARGET = 9.3;
				MTL_ENABLE_DEBUG_INFO = YES;
				ONLY_ACTIVE_ARCH = YES;
				SDKROOT = iphoneos;
			};
			name = Debug;
		};
		FDF7AF731D62E75F00423BD7 /* Release */ = {
			isa = XCBuildConfiguration;
			buildSettings = {
				ALWAYS_SEARCH_USER_PATHS = NO;
				CLANG_ANALYZER_NONNULL = YES;
				CLANG_CXX_LANGUAGE_STANDARD = "gnu++0x";
				CLANG_CXX_LIBRARY = "libc++";
				CLANG_ENABLE_MODULES = YES;
				CLANG_ENABLE_OBJC_ARC = YES;
				CLANG_WARN_BOOL_CONVERSION = YES;
				CLANG_WARN_CONSTANT_CONVERSION = YES;
				CLANG_WARN_DIRECT_OBJC_ISA_USAGE = YES_ERROR;
				CLANG_WARN_EMPTY_BODY = YES;
				CLANG_WARN_ENUM_CONVERSION = YES;
				CLANG_WARN_INT_CONVERSION = YES;
				CLANG_WARN_OBJC_ROOT_CLASS = YES_ERROR;
				CLANG_WARN_UNREACHABLE_CODE = YES;
				CLANG_WARN__DUPLICATE_METHOD_MATCH = YES;
				"CODE_SIGN_IDENTITY[sdk=iphoneos*]" = "iPhone Developer";
				COPY_PHASE_STRIP = NO;
				DEBUG_INFORMATION_FORMAT = "dwarf-with-dsym";
				ENABLE_NS_ASSERTIONS = NO;
				ENABLE_STRICT_OBJC_MSGSEND = YES;
				GCC_C_LANGUAGE_STANDARD = gnu99;
				GCC_NO_COMMON_BLOCKS = YES;
				GCC_WARN_64_TO_32_BIT_CONVERSION = YES;
				GCC_WARN_ABOUT_RETURN_TYPE = YES_ERROR;
				GCC_WARN_UNDECLARED_SELECTOR = YES;
				GCC_WARN_UNINITIALIZED_AUTOS = YES_AGGRESSIVE;
				GCC_WARN_UNUSED_FUNCTION = YES;
				GCC_WARN_UNUSED_VARIABLE = YES;
				IPHONEOS_DEPLOYMENT_TARGET = 9.3;
				MTL_ENABLE_DEBUG_INFO = NO;
				SDKROOT = iphoneos;
				VALIDATE_PRODUCT = YES;
			};
			name = Release;
		};
		FDF7AF751D62E75F00423BD7 /* Debug */ = {
			isa = XCBuildConfiguration;
			buildSettings = {
				ASSETCATALOG_COMPILER_APPICON_NAME = AppIcon;
				INFOPLIST_FILE = Test/Info.plist;
				LD_RUNPATH_SEARCH_PATHS = "$(inherited) @executable_path/Frameworks";
				PRODUCT_BUNDLE_IDENTIFIER = com.wanglibank.Test;
				PRODUCT_NAME = "$(TARGET_NAME)";
			};
			name = Debug;
		};
		FDF7AF761D62E75F00423BD7 /* Release */ = {
			isa = XCBuildConfiguration;
			buildSettings = {
				ASSETCATALOG_COMPILER_APPICON_NAME = AppIcon;
				INFOPLIST_FILE = Test/Info.plist;
				LD_RUNPATH_SEARCH_PATHS = "$(inherited) @executable_path/Frameworks";
				PRODUCT_BUNDLE_IDENTIFIER = com.wanglibank.Test;
				PRODUCT_NAME = "$(TARGET_NAME)";
			};
			name = Release;
		};
/* End XCBuildConfiguration section */

/* Begin XCConfigurationList section */
		FDF7AF551D62E75F00423BD7 /* Build configuration list for PBXProject "Test" */ = {
			isa = XCConfigurationList;
			buildConfigurations = (
				FDF7AF721D62E75F00423BD7 /* Debug */,
				FDF7AF731D62E75F00423BD7 /* Release */,
			);
			defaultConfigurationIsVisible = 0;
			defaultConfigurationName = Release;
		};
		FDF7AF741D62E75F00423BD7 /* Build configuration list for PBXNativeTarget "Test" */ = {
			isa = XCConfigurationList;
			buildConfigurations = (
				FDF7AF751D62E75F00423BD7 /* Debug */,
				FDF7AF761D62E75F00423BD7 /* Release */,
			);
			defaultConfigurationIsVisible = 0;
			defaultConfigurationName = Release;
		};
/* End XCConfigurationList section */
	};
	rootObject = FDF7AF521D62E75F00423BD7 /* Project object */;
}
